
Microsoft Visual Studio Solution File, Format Version 12.00
# Visual Studio 15
VisualStudioVersion = 15.0.27703.2035
MinimumVisualStudioVersion = 10.0.40219.1
Project("{2150E333-8FDC-42A3-9474-1A3956D46DE8}") = "00.InversionOfControl", "00.InversionOfControl", "{6CCB17AD-A395-4470-94AE-E4F9EBA6B826}"
EndProject
Project("{FAE04EC0-301F-11D3-BF4B-00C04F79EFBC}") = "00.ControOverTheFlowOfAProgram", "00.InversionOfControl\00.ControOverTheFlowOfAProgram\00.ControOverTheFlowOfAProgram.csproj", "{757CDF2B-8868-4E18-9052-50AEFDC4C02C}"
EndProject
Project("{FAE04EC0-301F-11D3-BF4B-00C04F79EFBC}") = "00.InversionTheFlowOfProgram", "00.InversionOfControl\00.InversionTheFlowOfProgram\00.InversionTheFlowOfProgram.csproj", "{20A5C13D-1492-438C-86BC-AEE3952CFB8C}"
EndProject
Global
	GlobalSection(SolutionConfigurationPlatforms) = preSolution
		Debug|Any CPU = Debug|Any CPU
		Release|Any CPU = Release|Any CPU
	EndGlobalSection
	GlobalSection(ProjectConfigurationPlatforms) = postSolution
		{757CDF2B-8868-4E18-9052-50AEFDC4C02C}.Debug|Any CPU.ActiveCfg = Debug|Any CPU
		{757CDF2B-8868-4E18-9052-50AEFDC4C02C}.Debug|Any CPU.Build.0 = Debug|Any CPU
		{757CDF2B-8868-4E18-9052-50AEFDC4C02C}.Release|Any CPU.ActiveCfg = Release|Any CPU
		{757CDF2B-8868-4E18-9052-50AEFDC4C02C}.Release|Any CPU.Build.0 = Release|Any CPU
		{20A5C13D-1492-438C-86BC-AEE3952CFB8C}.Debug|Any CPU.ActiveCfg = Debug|Any CPU
		{20A5C13D-1492-438C-86BC-AEE3952CFB8C}.Debug|Any CPU.Build.0 = Debug|Any CPU
		{20A5C13D-1492-438C-86BC-AEE3952CFB8C}.Release|Any CPU.ActiveCfg = Release|Any CPU
		{20A5C13D-1492-438C-86BC-AEE3952CFB8C}.Release|Any CPU.Build.0 = Release|Any CPU
	EndGlobalSection
	GlobalSection(SolutionProperties) = preSolution
		HideSolutionNode = FALSE
	EndGlobalSection
	GlobalSection(NestedProjects) = preSolution
		{757CDF2B-8868-4E18-9052-50AEFDC4C02C} = {6CCB17AD-A395-4470-94AE-E4F9EBA6B826}
		{20A5C13D-1492-438C-86BC-AEE3952CFB8C} = {6CCB17AD-A395-4470-94AE-E4F9EBA6B826}
	EndGlobalSection
	GlobalSection(ExtensibilityGlobals) = postSolution
		SolutionGuid = {CF095F9D-725F-4650-B5C7-3E28346F13E7}
	EndGlobalSection
EndGlobal
