
Microsoft Visual Studio Solution File, Format Version 12.00
# Visual Studio 15
VisualStudioVersion = 15.0.27703.2035
MinimumVisualStudioVersion = 10.0.40219.1
Project("{FAE04EC0-301F-11D3-BF4B-00C04F79EFBC}") = "00.ControOverTheFlowOfAProgram", "00.ControOverTheFlowOfAProgram\00.ControOverTheFlowOfAProgram.csproj", "{695CA707-CCA2-4F50-B974-4BA1941435F6}"
EndProject
Project("{FAE04EC0-301F-11D3-BF4B-00C04F79EFBC}") = "00.InversionTheFlowOfProgram", "00.InversionTheFlowOfProgram\00.InversionTheFlowOfProgram.csproj", "{2448EB62-688D-4CEE-A62E-E099F8DC03F9}"
EndProject
Project("{FAE04EC0-301F-11D3-BF4B-00C04F79EFBC}") = "01.InversionOfControlOO", "01.InversionOfControlOO\01.InversionOfControlOO.csproj", "{F35A96A6-F764-45AF-87D1-73A565A4AC83}"
EndProject
Project("{FAE04EC0-301F-11D3-BF4B-00C04F79EFBC}") = "02.ConcreteClass", "02.ConcreteClass\02.ConcreteClass.csproj", "{F017CF27-5C6F-4754-8F75-FEBAF69C1484}"
EndProject
Project("{FAE04EC0-301F-11D3-BF4B-00C04F79EFBC}") = "03.InterfaceImplementation", "03.InterfaceImplementation\03.InterfaceImplementation.csproj", "{713F50EB-C806-49FC-AFEF-264380FCB3E8}"
EndProject
Project("{FAE04EC0-301F-11D3-BF4B-00C04F79EFBC}") = "04.InterfaceExplicitImp", "04.InterfaceExplicitImp\04.InterfaceExplicitImp.csproj", "{8CA0ED70-6DFD-4BF4-80F8-6F683C3DEC00}"
EndProject
Project("{FAE04EC0-301F-11D3-BF4B-00C04F79EFBC}") = "05.ServiceLocatorDependencyInjection.Gouping", "05.ServiceLocatorDependencyInjection.Gouping\05.ServiceLocatorDependencyInjection.Gouping.csproj", "{428D9FF3-C79A-49D7-B99D-381BEDB5B28B}"
EndProject
Project("{FAE04EC0-301F-11D3-BF4B-00C04F79EFBC}") = "05.ServiceLocatorDependencyInjection.ManualInjection", "05.ServiceLocatorDependencyInjection.ManualInjection\05.ServiceLocatorDependencyInjection.ManualInjection.csproj", "{554E1B01-9201-43FF-950D-80041771165D}"
EndProject
Project("{FAE04EC0-301F-11D3-BF4B-00C04F79EFBC}") = "05.ServiceLocatorDependencyInjection.ServiceLocator", "05.ServiceLocatorDependencyInjection.ServiceLocator\05.ServiceLocatorDependencyInjection.ServiceLocator.csproj", "{D0EB2D84-5000-4D9D-B264-308511D0C1AF}"
EndProject
Project("{FAE04EC0-301F-11D3-BF4B-00C04F79EFBC}") = "06.DependencyInversion", "06.DependencyInversion\06.DependencyInversion.csproj", "{E9359744-D624-4619-9CB2-3182EA8068C1}"
EndProject
Project("{FAE04EC0-301F-11D3-BF4B-00C04F79EFBC}") = "07.PoorManDI", "07.PoorManDI\07.PoorManDI.csproj", "{EACC5004-58D4-4591-B314-54F3B1C186FC}"
EndProject
Project("{FAE04EC0-301F-11D3-BF4B-00C04F79EFBC}") = "08.FirstUnity", "08.FirstUnity\08.FirstUnity.csproj", "{CE086DD2-E19A-4DD2-AC46-8D7F67FAD4CA}"
EndProject
Project("{2150E333-8FDC-42A3-9474-1A3956D46DE8}") = "Solution Items", "Solution Items", "{8505ABFD-31BF-43ED-BD9D-A6587AC43552}"
	ProjectSection(SolutionItems) = preProject
		README.md = README.md
	EndProjectSection
EndProject
Project("{FAE04EC0-301F-11D3-BF4B-00C04F79EFBC}") = "09.FirstAutofac", "09.FirstAutofac\09.FirstAutofac.csproj", "{BAA5DD2D-5212-448F-A84E-7EBC3C02F985}"
EndProject
Project("{FAE04EC0-301F-11D3-BF4B-00C04F79EFBC}") = "10.FirstStructureMap", "10.FirstStructureMap\10.FirstStructureMap.csproj", "{0CFC50E2-8004-4E14-89D4-33E0A4AA576A}"
EndProject
Project("{FAE04EC0-301F-11D3-BF4B-00C04F79EFBC}") = "11.FirstNinject", "11.FirstNinject\11.FirstNinject.csproj", "{DA582CF7-97F3-4019-BF04-635514580389}"
EndProject
Project("{FAE04EC0-301F-11D3-BF4B-00C04F79EFBC}") = "12.FirstNetCore", "12.FirstNetCore\12.FirstNetCore.csproj", "{5CBCF844-6F95-4320-AC19-3BD5B875AD16}"
EndProject
Project("{FAE04EC0-301F-11D3-BF4B-00C04F79EFBC}") = "13.UnityDI", "13.UnityDI\13.UnityDI.csproj", "{1AC58E41-6A1F-4C99-821E-656D6710D541}"
EndProject
Global
	GlobalSection(SolutionConfigurationPlatforms) = preSolution
		Debug|Any CPU = Debug|Any CPU
		Release|Any CPU = Release|Any CPU
	EndGlobalSection
	GlobalSection(ProjectConfigurationPlatforms) = postSolution
		{695CA707-CCA2-4F50-B974-4BA1941435F6}.Debug|Any CPU.ActiveCfg = Debug|Any CPU
		{695CA707-CCA2-4F50-B974-4BA1941435F6}.Debug|Any CPU.Build.0 = Debug|Any CPU
		{695CA707-CCA2-4F50-B974-4BA1941435F6}.Release|Any CPU.ActiveCfg = Release|Any CPU
		{695CA707-CCA2-4F50-B974-4BA1941435F6}.Release|Any CPU.Build.0 = Release|Any CPU
		{2448EB62-688D-4CEE-A62E-E099F8DC03F9}.Debug|Any CPU.ActiveCfg = Debug|Any CPU
		{2448EB62-688D-4CEE-A62E-E099F8DC03F9}.Debug|Any CPU.Build.0 = Debug|Any CPU
		{2448EB62-688D-4CEE-A62E-E099F8DC03F9}.Release|Any CPU.ActiveCfg = Release|Any CPU
		{2448EB62-688D-4CEE-A62E-E099F8DC03F9}.Release|Any CPU.Build.0 = Release|Any CPU
		{F35A96A6-F764-45AF-87D1-73A565A4AC83}.Debug|Any CPU.ActiveCfg = Debug|Any CPU
		{F35A96A6-F764-45AF-87D1-73A565A4AC83}.Debug|Any CPU.Build.0 = Debug|Any CPU
		{F35A96A6-F764-45AF-87D1-73A565A4AC83}.Release|Any CPU.ActiveCfg = Release|Any CPU
		{F35A96A6-F764-45AF-87D1-73A565A4AC83}.Release|Any CPU.Build.0 = Release|Any CPU
		{F017CF27-5C6F-4754-8F75-FEBAF69C1484}.Debug|Any CPU.ActiveCfg = Debug|Any CPU
		{F017CF27-5C6F-4754-8F75-FEBAF69C1484}.Debug|Any CPU.Build.0 = Debug|Any CPU
		{F017CF27-5C6F-4754-8F75-FEBAF69C1484}.Release|Any CPU.ActiveCfg = Release|Any CPU
		{F017CF27-5C6F-4754-8F75-FEBAF69C1484}.Release|Any CPU.Build.0 = Release|Any CPU
		{713F50EB-C806-49FC-AFEF-264380FCB3E8}.Debug|Any CPU.ActiveCfg = Debug|Any CPU
		{713F50EB-C806-49FC-AFEF-264380FCB3E8}.Debug|Any CPU.Build.0 = Debug|Any CPU
		{713F50EB-C806-49FC-AFEF-264380FCB3E8}.Release|Any CPU.ActiveCfg = Release|Any CPU
		{713F50EB-C806-49FC-AFEF-264380FCB3E8}.Release|Any CPU.Build.0 = Release|Any CPU
		{8CA0ED70-6DFD-4BF4-80F8-6F683C3DEC00}.Debug|Any CPU.ActiveCfg = Debug|Any CPU
		{8CA0ED70-6DFD-4BF4-80F8-6F683C3DEC00}.Debug|Any CPU.Build.0 = Debug|Any CPU
		{8CA0ED70-6DFD-4BF4-80F8-6F683C3DEC00}.Release|Any CPU.ActiveCfg = Release|Any CPU
		{8CA0ED70-6DFD-4BF4-80F8-6F683C3DEC00}.Release|Any CPU.Build.0 = Release|Any CPU
		{428D9FF3-C79A-49D7-B99D-381BEDB5B28B}.Debug|Any CPU.ActiveCfg = Debug|Any CPU
		{428D9FF3-C79A-49D7-B99D-381BEDB5B28B}.Debug|Any CPU.Build.0 = Debug|Any CPU
		{428D9FF3-C79A-49D7-B99D-381BEDB5B28B}.Release|Any CPU.ActiveCfg = Release|Any CPU
		{428D9FF3-C79A-49D7-B99D-381BEDB5B28B}.Release|Any CPU.Build.0 = Release|Any CPU
		{554E1B01-9201-43FF-950D-80041771165D}.Debug|Any CPU.ActiveCfg = Debug|Any CPU
		{554E1B01-9201-43FF-950D-80041771165D}.Debug|Any CPU.Build.0 = Debug|Any CPU
		{554E1B01-9201-43FF-950D-80041771165D}.Release|Any CPU.ActiveCfg = Release|Any CPU
		{554E1B01-9201-43FF-950D-80041771165D}.Release|Any CPU.Build.0 = Release|Any CPU
		{D0EB2D84-5000-4D9D-B264-308511D0C1AF}.Debug|Any CPU.ActiveCfg = Debug|Any CPU
		{D0EB2D84-5000-4D9D-B264-308511D0C1AF}.Debug|Any CPU.Build.0 = Debug|Any CPU
		{D0EB2D84-5000-4D9D-B264-308511D0C1AF}.Release|Any CPU.ActiveCfg = Release|Any CPU
		{D0EB2D84-5000-4D9D-B264-308511D0C1AF}.Release|Any CPU.Build.0 = Release|Any CPU
		{E9359744-D624-4619-9CB2-3182EA8068C1}.Debug|Any CPU.ActiveCfg = Debug|Any CPU
		{E9359744-D624-4619-9CB2-3182EA8068C1}.Debug|Any CPU.Build.0 = Debug|Any CPU
		{E9359744-D624-4619-9CB2-3182EA8068C1}.Release|Any CPU.ActiveCfg = Release|Any CPU
		{E9359744-D624-4619-9CB2-3182EA8068C1}.Release|Any CPU.Build.0 = Release|Any CPU
		{EACC5004-58D4-4591-B314-54F3B1C186FC}.Debug|Any CPU.ActiveCfg = Debug|Any CPU
		{EACC5004-58D4-4591-B314-54F3B1C186FC}.Debug|Any CPU.Build.0 = Debug|Any CPU
		{EACC5004-58D4-4591-B314-54F3B1C186FC}.Release|Any CPU.ActiveCfg = Release|Any CPU
		{EACC5004-58D4-4591-B314-54F3B1C186FC}.Release|Any CPU.Build.0 = Release|Any CPU
		{CE086DD2-E19A-4DD2-AC46-8D7F67FAD4CA}.Debug|Any CPU.ActiveCfg = Debug|Any CPU
		{CE086DD2-E19A-4DD2-AC46-8D7F67FAD4CA}.Debug|Any CPU.Build.0 = Debug|Any CPU
		{CE086DD2-E19A-4DD2-AC46-8D7F67FAD4CA}.Release|Any CPU.ActiveCfg = Release|Any CPU
		{CE086DD2-E19A-4DD2-AC46-8D7F67FAD4CA}.Release|Any CPU.Build.0 = Release|Any CPU
		{BAA5DD2D-5212-448F-A84E-7EBC3C02F985}.Debug|Any CPU.ActiveCfg = Debug|Any CPU
		{BAA5DD2D-5212-448F-A84E-7EBC3C02F985}.Debug|Any CPU.Build.0 = Debug|Any CPU
		{BAA5DD2D-5212-448F-A84E-7EBC3C02F985}.Release|Any CPU.ActiveCfg = Release|Any CPU
		{BAA5DD2D-5212-448F-A84E-7EBC3C02F985}.Release|Any CPU.Build.0 = Release|Any CPU
		{0CFC50E2-8004-4E14-89D4-33E0A4AA576A}.Debug|Any CPU.ActiveCfg = Debug|Any CPU
		{0CFC50E2-8004-4E14-89D4-33E0A4AA576A}.Debug|Any CPU.Build.0 = Debug|Any CPU
		{0CFC50E2-8004-4E14-89D4-33E0A4AA576A}.Release|Any CPU.ActiveCfg = Release|Any CPU
		{0CFC50E2-8004-4E14-89D4-33E0A4AA576A}.Release|Any CPU.Build.0 = Release|Any CPU
		{DA582CF7-97F3-4019-BF04-635514580389}.Debug|Any CPU.ActiveCfg = Debug|Any CPU
		{DA582CF7-97F3-4019-BF04-635514580389}.Debug|Any CPU.Build.0 = Debug|Any CPU
		{DA582CF7-97F3-4019-BF04-635514580389}.Release|Any CPU.ActiveCfg = Release|Any CPU
		{DA582CF7-97F3-4019-BF04-635514580389}.Release|Any CPU.Build.0 = Release|Any CPU
		{5CBCF844-6F95-4320-AC19-3BD5B875AD16}.Debug|Any CPU.ActiveCfg = Debug|Any CPU
		{5CBCF844-6F95-4320-AC19-3BD5B875AD16}.Debug|Any CPU.Build.0 = Debug|Any CPU
		{5CBCF844-6F95-4320-AC19-3BD5B875AD16}.Release|Any CPU.ActiveCfg = Release|Any CPU
		{5CBCF844-6F95-4320-AC19-3BD5B875AD16}.Release|Any CPU.Build.0 = Release|Any CPU
		{1AC58E41-6A1F-4C99-821E-656D6710D541}.Debug|Any CPU.ActiveCfg = Debug|Any CPU
		{1AC58E41-6A1F-4C99-821E-656D6710D541}.Debug|Any CPU.Build.0 = Debug|Any CPU
		{1AC58E41-6A1F-4C99-821E-656D6710D541}.Release|Any CPU.ActiveCfg = Release|Any CPU
		{1AC58E41-6A1F-4C99-821E-656D6710D541}.Release|Any CPU.Build.0 = Release|Any CPU
	EndGlobalSection
	GlobalSection(SolutionProperties) = preSolution
		HideSolutionNode = FALSE
	EndGlobalSection
	GlobalSection(ExtensibilityGlobals) = postSolution
		SolutionGuid = {CF095F9D-725F-4650-B5C7-3E28346F13E7}
	EndGlobalSection
EndGlobal
