
Microsoft Visual Studio Solution File, Format Version 12.00
# Visual Studio 15
VisualStudioVersion = 15.0.27703.2035
MinimumVisualStudioVersion = 10.0.40219.1
Project("{2150E333-8FDC-42A3-9474-1A3956D46DE8}") = "00.InversionOfControl", "00.InversionOfControl", "{6CCB17AD-A395-4470-94AE-E4F9EBA6B826}"
EndProject
Project("{FAE04EC0-301F-11D3-BF4B-00C04F79EFBC}") = "ControOverTheFlowOfAProgram", "00.InversionOfControl\ControOverTheFlowOfAProgram\ControOverTheFlowOfAProgram.csproj", "{56130323-70EB-4C8F-9DF8-51F9F188DE35}"
EndProject
Project("{FAE04EC0-301F-11D3-BF4B-00C04F79EFBC}") = "InversionTheFlowOfProgram", "00.InversionOfControl\InversionTheFlowOfProgram\InversionTheFlowOfProgram.csproj", "{FF077302-D376-4805-994C-CFFEDA299B5B}"
EndProject
Project("{2150E333-8FDC-42A3-9474-1A3956D46DE8}") = "01.InversionOfControlOO", "01.InversionOfControlOO", "{3074FE97-E116-4746-91E1-818DC950F085}"
EndProject
Project("{FAE04EC0-301F-11D3-BF4B-00C04F79EFBC}") = "InversionOfControlOO", "01.InversionOfControlOO\InversionOfControlOO\InversionOfControlOO.csproj", "{FEDB12EA-1AB3-4308-B6DD-A1700812471D}"
EndProject
Project("{2150E333-8FDC-42A3-9474-1A3956D46DE8}") = "02.ConcreteClass", "02.ConcreteClass", "{BE909F23-E842-46BE-B6BF-D383DCC78A0A}"
EndProject
Project("{FAE04EC0-301F-11D3-BF4B-00C04F79EFBC}") = "ConcreteClass", "02.ConcreteClass\ConcreteClass\ConcreteClass.csproj", "{F499171F-75E6-4F16-9043-BE52CFA7A216}"
EndProject
Project("{2150E333-8FDC-42A3-9474-1A3956D46DE8}") = "03.InterfaceImplementation", "03.InterfaceImplementation", "{46BF8D31-A326-49C9-8489-9719CE2A8E0D}"
EndProject
Project("{FAE04EC0-301F-11D3-BF4B-00C04F79EFBC}") = "InterfaceImplementation", "03.InterfaceImplementation\InterfaceImplementation\InterfaceImplementation.csproj", "{7372E73E-18CD-45D6-A0DB-4DDC34E369C9}"
EndProject
Project("{2150E333-8FDC-42A3-9474-1A3956D46DE8}") = "04.InterfaceExplicitImp", "04.InterfaceExplicitImp", "{BDF8D31B-37F4-4DCC-B280-30B5184D1172}"
EndProject
Project("{FAE04EC0-301F-11D3-BF4B-00C04F79EFBC}") = "InterfaceExplicitImp", "04.InterfaceExplicitImp\InterfaceExplicitImp\InterfaceExplicitImp.csproj", "{9F796615-5D37-4B1C-AEEE-C1FE93CCBDEA}"
EndProject
Project("{2150E333-8FDC-42A3-9474-1A3956D46DE8}") = "05.ServiceLocatorDependencyInjection", "05.ServiceLocatorDependencyInjection", "{7D5FC94F-F50D-495C-B07C-501422E8B1A4}"
EndProject
Project("{FAE04EC0-301F-11D3-BF4B-00C04F79EFBC}") = "ManualInjection", "05.ServiceLocatorDependencyInjection\ManualInjection\ManualInjection.csproj", "{37CDE9BF-D849-4914-8040-441896CC46EE}"
EndProject
Project("{FAE04EC0-301F-11D3-BF4B-00C04F79EFBC}") = "Gouping", "05.ServiceLocatorDependencyInjection\Gouping\Gouping.csproj", "{CD65E58B-8466-4790-85EA-3E02CD34965B}"
EndProject
Project("{FAE04EC0-301F-11D3-BF4B-00C04F79EFBC}") = "ServiceLocator", "05.ServiceLocatorDependencyInjection\ServiceLocator\ServiceLocator.csproj", "{6D226BA8-A1D1-4B58-8151-82F59DE6F1FE}"
EndProject
Project("{2150E333-8FDC-42A3-9474-1A3956D46DE8}") = "06.DependencyInversion", "06.DependencyInversion", "{BDFD1EB9-E1F3-417A-AE82-CA618C259B6E}"
EndProject
Project("{FAE04EC0-301F-11D3-BF4B-00C04F79EFBC}") = "DependencyInversion", "06.DependencyInversion\DependencyInversion\DependencyInversion.csproj", "{CDEB69AD-1DA4-41D6-AF6C-40B6B9B9B6F8}"
EndProject
Project("{2150E333-8FDC-42A3-9474-1A3956D46DE8}") = "07.PoorManDI", "07.PoorManDI", "{237584C7-FECA-44D8-B3DA-6D265AE74858}"
EndProject
Project("{FAE04EC0-301F-11D3-BF4B-00C04F79EFBC}") = "PoorManDI", "07.PoorManDI\PoorManDI\PoorManDI.csproj", "{A0EEA8D7-1288-446B-91A1-CAFB1905FC85}"
EndProject
Global
	GlobalSection(SolutionConfigurationPlatforms) = preSolution
		Debug|Any CPU = Debug|Any CPU
		Release|Any CPU = Release|Any CPU
	EndGlobalSection
	GlobalSection(ProjectConfigurationPlatforms) = postSolution
		{56130323-70EB-4C8F-9DF8-51F9F188DE35}.Debug|Any CPU.ActiveCfg = Debug|Any CPU
		{56130323-70EB-4C8F-9DF8-51F9F188DE35}.Debug|Any CPU.Build.0 = Debug|Any CPU
		{56130323-70EB-4C8F-9DF8-51F9F188DE35}.Release|Any CPU.ActiveCfg = Release|Any CPU
		{56130323-70EB-4C8F-9DF8-51F9F188DE35}.Release|Any CPU.Build.0 = Release|Any CPU
		{FF077302-D376-4805-994C-CFFEDA299B5B}.Debug|Any CPU.ActiveCfg = Debug|Any CPU
		{FF077302-D376-4805-994C-CFFEDA299B5B}.Debug|Any CPU.Build.0 = Debug|Any CPU
		{FF077302-D376-4805-994C-CFFEDA299B5B}.Release|Any CPU.ActiveCfg = Release|Any CPU
		{FF077302-D376-4805-994C-CFFEDA299B5B}.Release|Any CPU.Build.0 = Release|Any CPU
		{FEDB12EA-1AB3-4308-B6DD-A1700812471D}.Debug|Any CPU.ActiveCfg = Debug|Any CPU
		{FEDB12EA-1AB3-4308-B6DD-A1700812471D}.Debug|Any CPU.Build.0 = Debug|Any CPU
		{FEDB12EA-1AB3-4308-B6DD-A1700812471D}.Release|Any CPU.ActiveCfg = Release|Any CPU
		{FEDB12EA-1AB3-4308-B6DD-A1700812471D}.Release|Any CPU.Build.0 = Release|Any CPU
		{F499171F-75E6-4F16-9043-BE52CFA7A216}.Debug|Any CPU.ActiveCfg = Debug|Any CPU
		{F499171F-75E6-4F16-9043-BE52CFA7A216}.Debug|Any CPU.Build.0 = Debug|Any CPU
		{F499171F-75E6-4F16-9043-BE52CFA7A216}.Release|Any CPU.ActiveCfg = Release|Any CPU
		{F499171F-75E6-4F16-9043-BE52CFA7A216}.Release|Any CPU.Build.0 = Release|Any CPU
		{7372E73E-18CD-45D6-A0DB-4DDC34E369C9}.Debug|Any CPU.ActiveCfg = Debug|Any CPU
		{7372E73E-18CD-45D6-A0DB-4DDC34E369C9}.Debug|Any CPU.Build.0 = Debug|Any CPU
		{7372E73E-18CD-45D6-A0DB-4DDC34E369C9}.Release|Any CPU.ActiveCfg = Release|Any CPU
		{7372E73E-18CD-45D6-A0DB-4DDC34E369C9}.Release|Any CPU.Build.0 = Release|Any CPU
		{9F796615-5D37-4B1C-AEEE-C1FE93CCBDEA}.Debug|Any CPU.ActiveCfg = Debug|Any CPU
		{9F796615-5D37-4B1C-AEEE-C1FE93CCBDEA}.Debug|Any CPU.Build.0 = Debug|Any CPU
		{9F796615-5D37-4B1C-AEEE-C1FE93CCBDEA}.Release|Any CPU.ActiveCfg = Release|Any CPU
		{9F796615-5D37-4B1C-AEEE-C1FE93CCBDEA}.Release|Any CPU.Build.0 = Release|Any CPU
		{37CDE9BF-D849-4914-8040-441896CC46EE}.Debug|Any CPU.ActiveCfg = Debug|Any CPU
		{37CDE9BF-D849-4914-8040-441896CC46EE}.Debug|Any CPU.Build.0 = Debug|Any CPU
		{37CDE9BF-D849-4914-8040-441896CC46EE}.Release|Any CPU.ActiveCfg = Release|Any CPU
		{37CDE9BF-D849-4914-8040-441896CC46EE}.Release|Any CPU.Build.0 = Release|Any CPU
		{CD65E58B-8466-4790-85EA-3E02CD34965B}.Debug|Any CPU.ActiveCfg = Debug|Any CPU
		{CD65E58B-8466-4790-85EA-3E02CD34965B}.Debug|Any CPU.Build.0 = Debug|Any CPU
		{CD65E58B-8466-4790-85EA-3E02CD34965B}.Release|Any CPU.ActiveCfg = Release|Any CPU
		{CD65E58B-8466-4790-85EA-3E02CD34965B}.Release|Any CPU.Build.0 = Release|Any CPU
		{6D226BA8-A1D1-4B58-8151-82F59DE6F1FE}.Debug|Any CPU.ActiveCfg = Debug|Any CPU
		{6D226BA8-A1D1-4B58-8151-82F59DE6F1FE}.Debug|Any CPU.Build.0 = Debug|Any CPU
		{6D226BA8-A1D1-4B58-8151-82F59DE6F1FE}.Release|Any CPU.ActiveCfg = Release|Any CPU
		{6D226BA8-A1D1-4B58-8151-82F59DE6F1FE}.Release|Any CPU.Build.0 = Release|Any CPU
		{CDEB69AD-1DA4-41D6-AF6C-40B6B9B9B6F8}.Debug|Any CPU.ActiveCfg = Debug|Any CPU
		{CDEB69AD-1DA4-41D6-AF6C-40B6B9B9B6F8}.Debug|Any CPU.Build.0 = Debug|Any CPU
		{CDEB69AD-1DA4-41D6-AF6C-40B6B9B9B6F8}.Release|Any CPU.ActiveCfg = Release|Any CPU
		{CDEB69AD-1DA4-41D6-AF6C-40B6B9B9B6F8}.Release|Any CPU.Build.0 = Release|Any CPU
		{A0EEA8D7-1288-446B-91A1-CAFB1905FC85}.Debug|Any CPU.ActiveCfg = Debug|Any CPU
		{A0EEA8D7-1288-446B-91A1-CAFB1905FC85}.Debug|Any CPU.Build.0 = Debug|Any CPU
		{A0EEA8D7-1288-446B-91A1-CAFB1905FC85}.Release|Any CPU.ActiveCfg = Release|Any CPU
		{A0EEA8D7-1288-446B-91A1-CAFB1905FC85}.Release|Any CPU.Build.0 = Release|Any CPU
	EndGlobalSection
	GlobalSection(SolutionProperties) = preSolution
		HideSolutionNode = FALSE
	EndGlobalSection
	GlobalSection(NestedProjects) = preSolution
		{56130323-70EB-4C8F-9DF8-51F9F188DE35} = {6CCB17AD-A395-4470-94AE-E4F9EBA6B826}
		{FF077302-D376-4805-994C-CFFEDA299B5B} = {6CCB17AD-A395-4470-94AE-E4F9EBA6B826}
		{FEDB12EA-1AB3-4308-B6DD-A1700812471D} = {3074FE97-E116-4746-91E1-818DC950F085}
		{F499171F-75E6-4F16-9043-BE52CFA7A216} = {BE909F23-E842-46BE-B6BF-D383DCC78A0A}
		{7372E73E-18CD-45D6-A0DB-4DDC34E369C9} = {46BF8D31-A326-49C9-8489-9719CE2A8E0D}
		{9F796615-5D37-4B1C-AEEE-C1FE93CCBDEA} = {BDF8D31B-37F4-4DCC-B280-30B5184D1172}
		{37CDE9BF-D849-4914-8040-441896CC46EE} = {7D5FC94F-F50D-495C-B07C-501422E8B1A4}
		{CD65E58B-8466-4790-85EA-3E02CD34965B} = {7D5FC94F-F50D-495C-B07C-501422E8B1A4}
		{6D226BA8-A1D1-4B58-8151-82F59DE6F1FE} = {7D5FC94F-F50D-495C-B07C-501422E8B1A4}
		{CDEB69AD-1DA4-41D6-AF6C-40B6B9B9B6F8} = {BDFD1EB9-E1F3-417A-AE82-CA618C259B6E}
		{A0EEA8D7-1288-446B-91A1-CAFB1905FC85} = {237584C7-FECA-44D8-B3DA-6D265AE74858}
	EndGlobalSection
	GlobalSection(ExtensibilityGlobals) = postSolution
		SolutionGuid = {CF095F9D-725F-4650-B5C7-3E28346F13E7}
	EndGlobalSection
EndGlobal
